
Microsoft Visual Studio Solution File, Format Version 12.00
# Visual Studio Version 16
VisualStudioVersion = 16.0.30011.22
MinimumVisualStudioVersion = 10.0.40219.1
Project("{9A19103F-16F7-4668-BE54-9A1E7A4F7556}") = "ChannelBot", "ChannelBot.WebAPI\ChannelBot.csproj", "{486F264D-C947-4954-8612-ECE735F12C84}"
EndProject
Project("{9A19103F-16F7-4668-BE54-9A1E7A4F7556}") = "ChannelBot.DAL", "ChannelBot.DAL\ChannelBot.DAL.csproj", "{5EF3C1E8-5ACB-4050-8C6F-F404C3CA7FC8}"
EndProject
Project("{9A19103F-16F7-4668-BE54-9A1E7A4F7556}") = "ChannelBot.BLL", "ChannelBot.BLL\ChannelBot.BLL.csproj", "{52767082-E22D-4F31-89CD-F9045BD9E651}"
EndProject
Global
	GlobalSection(SolutionConfigurationPlatforms) = preSolution
		Debug|Any CPU = Debug|Any CPU
		Release|Any CPU = Release|Any CPU
	EndGlobalSection
	GlobalSection(ProjectConfigurationPlatforms) = postSolution
		{486F264D-C947-4954-8612-ECE735F12C84}.Debug|Any CPU.ActiveCfg = Debug|Any CPU
		{486F264D-C947-4954-8612-ECE735F12C84}.Debug|Any CPU.Build.0 = Debug|Any CPU
		{486F264D-C947-4954-8612-ECE735F12C84}.Release|Any CPU.ActiveCfg = Release|Any CPU
		{486F264D-C947-4954-8612-ECE735F12C84}.Release|Any CPU.Build.0 = Release|Any CPU
		{5EF3C1E8-5ACB-4050-8C6F-F404C3CA7FC8}.Debug|Any CPU.ActiveCfg = Debug|Any CPU
		{5EF3C1E8-5ACB-4050-8C6F-F404C3CA7FC8}.Debug|Any CPU.Build.0 = Debug|Any CPU
		{5EF3C1E8-5ACB-4050-8C6F-F404C3CA7FC8}.Release|Any CPU.ActiveCfg = Release|Any CPU
		{5EF3C1E8-5ACB-4050-8C6F-F404C3CA7FC8}.Release|Any CPU.Build.0 = Release|Any CPU
		{52767082-E22D-4F31-89CD-F9045BD9E651}.Debug|Any CPU.ActiveCfg = Debug|Any CPU
		{52767082-E22D-4F31-89CD-F9045BD9E651}.Debug|Any CPU.Build.0 = Debug|Any CPU
		{52767082-E22D-4F31-89CD-F9045BD9E651}.Release|Any CPU.ActiveCfg = Release|Any CPU
		{52767082-E22D-4F31-89CD-F9045BD9E651}.Release|Any CPU.Build.0 = Release|Any CPU
	EndGlobalSection
	GlobalSection(SolutionProperties) = preSolution
		HideSolutionNode = FALSE
	EndGlobalSection
	GlobalSection(ExtensibilityGlobals) = postSolution
		SolutionGuid = {412A594D-DE43-4F82-8AA0-401A1810FF12}
	EndGlobalSection
EndGlobal
