
Microsoft Visual Studio Solution File, Format Version 12.00
# Visual Studio Version 16
VisualStudioVersion = 16.0.30011.22
MinimumVisualStudioVersion = 10.0.40219.1
Project("{9A19103F-16F7-4668-BE54-9A1E7A4F7556}") = "ChannelBot.DAL", "ChannelBot.DAL\ChannelBot.DAL.csproj", "{5EF3C1E8-5ACB-4050-8C6F-F404C3CA7FC8}"
EndProject
Project("{9A19103F-16F7-4668-BE54-9A1E7A4F7556}") = "ChannelBot.BLL", "ChannelBot.BLL\ChannelBot.BLL.csproj", "{52767082-E22D-4F31-89CD-F9045BD9E651}"
EndProject
Project("{9A19103F-16F7-4668-BE54-9A1E7A4F7556}") = "ChannelBot", "ChannelBot\ChannelBot.csproj", "{F1B044A9-C08D-41B5-847E-CA4BB8FD661B}"
	ProjectSection(ProjectDependencies) = postProject
		{D24A77D2-A8B7-4E27-AD66-25F944F41D25} = {D24A77D2-A8B7-4E27-AD66-25F944F41D25}
	EndProjectSection
EndProject
Project("{FAE04EC0-301F-11D3-BF4B-00C04F79EFBC}") = "СhannelBot.Utilities", "СhannelBot.Utilities\СhannelBot.Utilities.csproj", "{D24A77D2-A8B7-4E27-AD66-25F944F41D25}"
EndProject
Global
	GlobalSection(SolutionConfigurationPlatforms) = preSolution
		Debug|Any CPU = Debug|Any CPU
		Release|Any CPU = Release|Any CPU
	EndGlobalSection
	GlobalSection(ProjectConfigurationPlatforms) = postSolution
		{5EF3C1E8-5ACB-4050-8C6F-F404C3CA7FC8}.Debug|Any CPU.ActiveCfg = Debug|Any CPU
		{5EF3C1E8-5ACB-4050-8C6F-F404C3CA7FC8}.Debug|Any CPU.Build.0 = Debug|Any CPU
		{5EF3C1E8-5ACB-4050-8C6F-F404C3CA7FC8}.Release|Any CPU.ActiveCfg = Release|Any CPU
		{5EF3C1E8-5ACB-4050-8C6F-F404C3CA7FC8}.Release|Any CPU.Build.0 = Release|Any CPU
		{52767082-E22D-4F31-89CD-F9045BD9E651}.Debug|Any CPU.ActiveCfg = Debug|Any CPU
		{52767082-E22D-4F31-89CD-F9045BD9E651}.Debug|Any CPU.Build.0 = Debug|Any CPU
		{52767082-E22D-4F31-89CD-F9045BD9E651}.Release|Any CPU.ActiveCfg = Release|Any CPU
		{52767082-E22D-4F31-89CD-F9045BD9E651}.Release|Any CPU.Build.0 = Release|Any CPU
		{F1B044A9-C08D-41B5-847E-CA4BB8FD661B}.Debug|Any CPU.ActiveCfg = Debug|Any CPU
		{F1B044A9-C08D-41B5-847E-CA4BB8FD661B}.Debug|Any CPU.Build.0 = Debug|Any CPU
		{F1B044A9-C08D-41B5-847E-CA4BB8FD661B}.Release|Any CPU.ActiveCfg = Release|Any CPU
		{F1B044A9-C08D-41B5-847E-CA4BB8FD661B}.Release|Any CPU.Build.0 = Release|Any CPU
		{D24A77D2-A8B7-4E27-AD66-25F944F41D25}.Debug|Any CPU.ActiveCfg = Debug|Any CPU
		{D24A77D2-A8B7-4E27-AD66-25F944F41D25}.Debug|Any CPU.Build.0 = Debug|Any CPU
		{D24A77D2-A8B7-4E27-AD66-25F944F41D25}.Release|Any CPU.ActiveCfg = Release|Any CPU
		{D24A77D2-A8B7-4E27-AD66-25F944F41D25}.Release|Any CPU.Build.0 = Release|Any CPU
	EndGlobalSection
	GlobalSection(SolutionProperties) = preSolution
		HideSolutionNode = FALSE
	EndGlobalSection
	GlobalSection(ExtensibilityGlobals) = postSolution
		SolutionGuid = {412A594D-DE43-4F82-8AA0-401A1810FF12}
	EndGlobalSection
EndGlobal
